# THIS IS AN AUTOGENERATED FILE. DO NOT EDIT THIS FILE DIRECTLY.
# yarn lockfile v1


"util-events@git+ssh://git@code.vipkid.com.cn:3590/lingobus-fe/games/library/util-events.git":
  version "1.0.0"
  resolved "git+ssh://git@code.vipkid.com.cn:3590/lingobus-fe/games/library/util-events.git#b9758c3260212d5c64214d629ca05736bfe62078"
